
Microsoft Visual Studio Solution File, Format Version 12.00
# Visual Studio 2013
VisualStudioVersion = 12.0.21005.1
MinimumVisualStudioVersion = 10.0.40219.1
Project("{FAE04EC0-301F-11D3-BF4B-00C04F79EFBC}") = "EASY_KRK", "EASY_KRK\EASY_KRK.csproj", "{73C3C7EA-64DB-4D28-B9F4-AE82D35BC418}"
EndProject
Global
	GlobalSection(SolutionConfigurationPlatforms) = preSolution
		Debug|Any CPU = Debug|Any CPU
		Release|Any CPU = Release|Any CPU
	EndGlobalSection
	GlobalSection(ProjectConfigurationPlatforms) = postSolution
		{73C3C7EA-64DB-4D28-B9F4-AE82D35BC418}.Debug|Any CPU.ActiveCfg = Debug|Any CPU
		{73C3C7EA-64DB-4D28-B9F4-AE82D35BC418}.Debug|Any CPU.Build.0 = Debug|Any CPU
		{73C3C7EA-64DB-4D28-B9F4-AE82D35BC418}.Release|Any CPU.ActiveCfg = Release|Any CPU
		{73C3C7EA-64DB-4D28-B9F4-AE82D35BC418}.Release|Any CPU.Build.0 = Release|Any CPU
	EndGlobalSection
	GlobalSection(SolutionProperties) = preSolution
		HideSolutionNode = FALSE
	EndGlobalSection
EndGlobal
